
Microsoft Visual Studio Solution File, Format Version 12.00
# Visual Studio Version 17
VisualStudioVersion = 17.1.32328.378
MinimumVisualStudioVersion = 10.0.40219.1
Project("{FAE04EC0-301F-11D3-BF4B-00C04F79EFBC}") = "Task1", "Task1\Task1.csproj", "{6F3F5586-9D00-483F-9CD0-AE554C6DB27E}"
EndProject
Global
	GlobalSection(SolutionConfigurationPlatforms) = preSolution
		Debug|Any CPU = Debug|Any CPU
		Release|Any CPU = Release|Any CPU
	EndGlobalSection
	GlobalSection(ProjectConfigurationPlatforms) = postSolution
		{6F3F5586-9D00-483F-9CD0-AE554C6DB27E}.Debug|Any CPU.ActiveCfg = Debug|Any CPU
		{6F3F5586-9D00-483F-9CD0-AE554C6DB27E}.Debug|Any CPU.Build.0 = Debug|Any CPU
		{6F3F5586-9D00-483F-9CD0-AE554C6DB27E}.Release|Any CPU.ActiveCfg = Release|Any CPU
		{6F3F5586-9D00-483F-9CD0-AE554C6DB27E}.Release|Any CPU.Build.0 = Release|Any CPU
	EndGlobalSection
	GlobalSection(SolutionProperties) = preSolution
		HideSolutionNode = FALSE
	EndGlobalSection
	GlobalSection(ExtensibilityGlobals) = postSolution
		SolutionGuid = {12E0B795-5BF6-4A23-8471-1DAD98DCA08E}
	EndGlobalSection
EndGlobal
